
Microsoft Visual Studio Solution File, Format Version 12.00
# Visual Studio Version 17
VisualStudioVersion = 17.2.32516.85
MinimumVisualStudioVersion = 10.0.40219.1
Project("{9A19103F-16F7-4668-BE54-9A1E7A4F7556}") = "TodoApp", "TodoApp\TodoApp.csproj", "{A7F5428F-CBDC-4A13-81C0-17DAC9D5BF19}"
EndProject
Global
	GlobalSection(SolutionConfigurationPlatforms) = preSolution
		Debug|Any CPU = Debug|Any CPU
		Release|Any CPU = Release|Any CPU
	EndGlobalSection
	GlobalSection(ProjectConfigurationPlatforms) = postSolution
		{A7F5428F-CBDC-4A13-81C0-17DAC9D5BF19}.Debug|Any CPU.ActiveCfg = Debug|Any CPU
		{A7F5428F-CBDC-4A13-81C0-17DAC9D5BF19}.Debug|Any CPU.Build.0 = Debug|Any CPU
		{A7F5428F-CBDC-4A13-81C0-17DAC9D5BF19}.Release|Any CPU.ActiveCfg = Release|Any CPU
		{A7F5428F-CBDC-4A13-81C0-17DAC9D5BF19}.Release|Any CPU.Build.0 = Release|Any CPU
	EndGlobalSection
	GlobalSection(SolutionProperties) = preSolution
		HideSolutionNode = FALSE
	EndGlobalSection
	GlobalSection(ExtensibilityGlobals) = postSolution
		SolutionGuid = {F45A68B5-9B2A-40DA-AB3D-5A2261D0E929}
	EndGlobalSection
EndGlobal
