
Microsoft Visual Studio Solution File, Format Version 12.00
# Visual Studio Version 16
VisualStudioVersion = 16.0.32413.511
MinimumVisualStudioVersion = 10.0.40219.1
Project("{9A19103F-16F7-4668-BE54-9A1E7A4F7556}") = "DevVehicle35-Motors", "DevVehicle35-Motors.csproj", "{3017F8EB-154D-426C-BD5B-E4E0A640A009}"
EndProject
Global
	GlobalSection(SolutionConfigurationPlatforms) = preSolution
		Debug|Any CPU = Debug|Any CPU
		Release|Any CPU = Release|Any CPU
	EndGlobalSection
	GlobalSection(ProjectConfigurationPlatforms) = postSolution
		{3017F8EB-154D-426C-BD5B-E4E0A640A009}.Debug|Any CPU.ActiveCfg = Debug|Any CPU
		{3017F8EB-154D-426C-BD5B-E4E0A640A009}.Debug|Any CPU.Build.0 = Debug|Any CPU
		{3017F8EB-154D-426C-BD5B-E4E0A640A009}.Release|Any CPU.ActiveCfg = Release|Any CPU
		{3017F8EB-154D-426C-BD5B-E4E0A640A009}.Release|Any CPU.Build.0 = Release|Any CPU
	EndGlobalSection
	GlobalSection(SolutionProperties) = preSolution
		HideSolutionNode = FALSE
	EndGlobalSection
	GlobalSection(ExtensibilityGlobals) = postSolution
		SolutionGuid = {B61482EE-E33A-45A9-8092-6A3D3AB9F4E5}
	EndGlobalSection
EndGlobal
