
Microsoft Visual Studio Solution File, Format Version 12.00
# Visual Studio Version 16
VisualStudioVersion = 16.0.30114.105
MinimumVisualStudioVersion = 10.0.40219.1
Project("{FAE04EC0-301F-11D3-BF4B-00C04F79EFBC}") = "DockerNetExample", "DockerNetExample\DockerNetExample.csproj", "{BC48CF2B-0002-41A4-8278-331D38B86391}"
EndProject
Project("{2150E333-8FDC-42A3-9474-1A3956D46DE8}") = "Solution Items", "Solution Items", "{6C117EEA-41FD-4098-80CC-E2E4515EAFF7}"
	ProjectSection(SolutionItems) = preProject
		docker_compose.proto = docker_compose.proto
	EndProjectSection
EndProject
Global
	GlobalSection(SolutionConfigurationPlatforms) = preSolution
		Debug|Any CPU = Debug|Any CPU
		Release|Any CPU = Release|Any CPU
	EndGlobalSection
	GlobalSection(SolutionProperties) = preSolution
		HideSolutionNode = FALSE
	EndGlobalSection
	GlobalSection(ProjectConfigurationPlatforms) = postSolution
		{BC48CF2B-0002-41A4-8278-331D38B86391}.Debug|Any CPU.ActiveCfg = Debug|Any CPU
		{BC48CF2B-0002-41A4-8278-331D38B86391}.Debug|Any CPU.Build.0 = Debug|Any CPU
		{BC48CF2B-0002-41A4-8278-331D38B86391}.Release|Any CPU.ActiveCfg = Release|Any CPU
		{BC48CF2B-0002-41A4-8278-331D38B86391}.Release|Any CPU.Build.0 = Release|Any CPU
	EndGlobalSection
EndGlobal
